
Microsoft Visual Studio Solution File, Format Version 12.00
# Visual Studio Version 16
VisualStudioVersion = 16.0.31105.61
MinimumVisualStudioVersion = 10.0.40219.1
Project("{FAE04EC0-301F-11D3-BF4B-00C04F79EFBC}") = "SueldoBase", "SueldoBase.csproj", "{BA08DA76-F879-40AD-A8D9-E9C92C1DDCA5}"
EndProject
Global
	GlobalSection(SolutionConfigurationPlatforms) = preSolution
		Debug|Any CPU = Debug|Any CPU
		Release|Any CPU = Release|Any CPU
	EndGlobalSection
	GlobalSection(ProjectConfigurationPlatforms) = postSolution
		{BA08DA76-F879-40AD-A8D9-E9C92C1DDCA5}.Debug|Any CPU.ActiveCfg = Debug|Any CPU
		{BA08DA76-F879-40AD-A8D9-E9C92C1DDCA5}.Debug|Any CPU.Build.0 = Debug|Any CPU
		{BA08DA76-F879-40AD-A8D9-E9C92C1DDCA5}.Release|Any CPU.ActiveCfg = Release|Any CPU
		{BA08DA76-F879-40AD-A8D9-E9C92C1DDCA5}.Release|Any CPU.Build.0 = Release|Any CPU
	EndGlobalSection
	GlobalSection(SolutionProperties) = preSolution
		HideSolutionNode = FALSE
	EndGlobalSection
	GlobalSection(ExtensibilityGlobals) = postSolution
		SolutionGuid = {23BD9E92-75CB-4F63-8927-E68FFC168632}
	EndGlobalSection
EndGlobal
